
Microsoft Visual Studio Solution File, Format Version 12.00
# Visual Studio Version 17
VisualStudioVersion = 17.12.35527.113
MinimumVisualStudioVersion = 10.0.40219.1
Project("{FAE04EC0-301F-11D3-BF4B-00C04F79EFBC}") = "ComputeShaderTutorial", "ComputeShaderTutorial.csproj", "{9C79F81E-2132-4853-B4B7-395E646BF81C}"
EndProject
Project("{FAE04EC0-301F-11D3-BF4B-00C04F79EFBC}") = "AssetLib", "..\AssetLib\AssetLib.csproj", "{C4BD2A3C-ECA1-4B80-9FAF-8F0E6E93BA6E}"
EndProject
Global
	GlobalSection(SolutionConfigurationPlatforms) = preSolution
		Debug|Any CPU = Debug|Any CPU
		Release|Any CPU = Release|Any CPU
	EndGlobalSection
	GlobalSection(ProjectConfigurationPlatforms) = postSolution
		{9C79F81E-2132-4853-B4B7-395E646BF81C}.Debug|Any CPU.ActiveCfg = Debug|Any CPU
		{9C79F81E-2132-4853-B4B7-395E646BF81C}.Debug|Any CPU.Build.0 = Debug|Any CPU
		{9C79F81E-2132-4853-B4B7-395E646BF81C}.Release|Any CPU.ActiveCfg = Release|Any CPU
		{9C79F81E-2132-4853-B4B7-395E646BF81C}.Release|Any CPU.Build.0 = Release|Any CPU
		{C4BD2A3C-ECA1-4B80-9FAF-8F0E6E93BA6E}.Debug|Any CPU.ActiveCfg = Debug|Any CPU
		{C4BD2A3C-ECA1-4B80-9FAF-8F0E6E93BA6E}.Debug|Any CPU.Build.0 = Debug|Any CPU
		{C4BD2A3C-ECA1-4B80-9FAF-8F0E6E93BA6E}.Release|Any CPU.ActiveCfg = Release|Any CPU
		{C4BD2A3C-ECA1-4B80-9FAF-8F0E6E93BA6E}.Release|Any CPU.Build.0 = Release|Any CPU
	EndGlobalSection
	GlobalSection(SolutionProperties) = preSolution
		HideSolutionNode = FALSE
	EndGlobalSection
EndGlobal
